[0m[1mmodule.landing_zone.random_string.random_cos_suffix: Refreshing state... [id=go9xk9jg][0m
[0m[1mmodule.landing_zone.module.vpc["workload"].data.ibm_iam_account_settings.iam_account_settings: Reading...[0m[0m
[0m[1mmodule.landing_zone.data.ibm_iam_account_settings.iam_account_settings: Reading...[0m[0m
[0m[1mdata.ibm_container_cluster_versions.cluster_versions: Reading...[0m[0m
[0m[1mmodule.landing_zone.data.ibm_container_cluster_versions.cluster_versions: Reading...[0m[0m
[0m[1mmodule.landing_zone.data.ibm_resource_group.resource_groups["rag-ce-rag-services"]: Reading...[0m[0m
[0m[1mdata.ibm_container_cluster_versions.cluster_versions: Read complete after 0s [id=2024-07-09 19:11:38.498442 +0000 UTC][0m
[0m[1mmodule.landing_zone.data.ibm_container_cluster_versions.cluster_versions: Read complete after 1s [id=2024-07-09 19:11:38.518769 +0000 UTC][0m
[0m[1mmodule.landing_zone.data.ibm_iam_account_settings.iam_account_settings: Read complete after 1s [id=85fbf4a5a3d148b1b75b59c610ecc811][0m
[0m[1mmodule.landing_zone.module.vpc["workload"].data.ibm_iam_account_settings.iam_account_settings: Read complete after 1s [id=85fbf4a5a3d148b1b75b59c610ecc811][0m
[0m[1mmodule.landing_zone.data.ibm_resource_group.resource_groups["rag-ce-rag-services"]: Read complete after 1s [id=921f5ac23f87463093336ce360985383][0m
[0m[1mmodule.landing_zone.data.ibm_resource_instance.cos["rag-ce-observability-cos"]: Reading...[0m[0m
[0m[1mmodule.landing_zone.ibm_resource_instance.cos["ocp"]: Refreshing state... [id=crn:v1:bluemix:public:cloud-object-storage:global:a/85fbf4a5a3d148b1b75b59c610ecc811:fceb2d1e-6c75-496c-9c90-a40a6d383df4::][0m
[0m[1mmodule.landing_zone.module.key_management.data.ibm_resource_instance.kms[0]: Reading...[0m[0m
[0m[1mmodule.landing_zone.module.vpc["workload"].ibm_is_vpc.vpc[0]: Refreshing state... [id=r006-311b13a9-c2ad-4e37-a6fc-69ef9d25e238][0m
[0m[1mmodule.landing_zone.module.key_management.data.ibm_resource_instance.kms[0]: Read complete after 2s [id=crn:v1:bluemix:public:kms:us-south:a/85fbf4a5a3d148b1b75b59c610ecc811:aad40348-9d4c-4e94-9094-9b721b62bd6d::][0m
[0m[1mmodule.landing_zone.module.key_management.ibm_kms_key_rings.rings["rag-ce-lz-ring"]: Refreshing state... [id=rag-ce-lz-ring:keyRing:crn:v1:bluemix:public:kms:us-south:a/85fbf4a5a3d148b1b75b59c610ecc811:aad40348-9d4c-4e94-9094-9b721b62bd6d::][0m
[0m[1mmodule.landing_zone.data.ibm_resource_instance.cos["rag-ce-observability-cos"]: Read complete after 2s [id=crn:v1:bluemix:public:cloud-object-storage:global:a/85fbf4a5a3d148b1b75b59c610ecc811:5a66e8d7-c53d-4c07-81c0-af8a4d2818f6::][0m
[0m[1mmodule.landing_zone.module.key_management.ibm_kms_key.key["rag-ce-vpc-key"]: Refreshing state... [id=crn:v1:bluemix:public:kms:us-south:a/85fbf4a5a3d148b1b75b59c610ecc811:aad40348-9d4c-4e94-9094-9b721b62bd6d:key:47c959a4-88da-4f03-95fc-ee979235250f][0m
[0m[1mmodule.landing_zone.module.key_management.ibm_kms_key.key["rag-ce-ocp-key"]: Refreshing state... [id=crn:v1:bluemix:public:kms:us-south:a/85fbf4a5a3d148b1b75b59c610ecc811:aad40348-9d4c-4e94-9094-9b721b62bd6d:key:bcadc283-de0d-41d3-ae6d-8cae171b6978][0m
[0m[1mmodule.landing_zone.ibm_resource_tag.cos_tag["ocp"]: Refreshing state... [id=crn:v1:bluemix:public:cloud-object-storage:global:a/85fbf4a5a3d148b1b75b59c610ecc811:fceb2d1e-6c75-496c-9c90-a40a6d383df4::][0m
[0m[1mmodule.landing_zone.ibm_iam_authorization_policy.policy["containers-kubernetes"]: Refreshing state... [id=e7caeee4-5027-4001-ab4b-4adff718dde5][0m
[0m[1mmodule.landing_zone.ibm_iam_authorization_policy.policy["cos-ocp-to-key-management"]: Refreshing state... [id=f67ed2e2-a565-4c35-8dca-77468e882fd6][0m
[0m[1mmodule.landing_zone.ibm_iam_authorization_policy.policy["flow-logs-ocp"]: Refreshing state... [id=cdc152cc-f77d-4fc7-b2bc-63a0884a3943][0m
[0m[1mmodule.landing_zone.ibm_iam_authorization_policy.policy["flow-logs-rag-ce-observability-cos"]: Refreshing state... [id=21fd89d6-eb76-4d52-baac-093a7b827ebd][0m
[0m[1mmodule.landing_zone.time_sleep.wait_for_authorization_policy: Refreshing state... [id=2024-07-09T15:22:27Z][0m
[0m[1mmodule.landing_zone.module.vpc["workload"].ibm_is_public_gateway.gateway["zone-2"]: Refreshing state... [id=r006-61f7e102-c2b9-42b8-abcf-9102517e4ab8][0m
[0m[1mmodule.landing_zone.module.vpc["workload"].ibm_is_public_gateway.gateway["zone-1"]: Refreshing state... [id=r006-563a6466-35a4-4ca4-88f3-a5c19626c081][0m
[0m[1mmodule.landing_zone.module.vpc["workload"].ibm_is_public_gateway.gateway["zone-3"]: Refreshing state... [id=r006-de682f9e-9810-4c1b-84bb-c29c8da354cc][0m
[0m[1mmodule.landing_zone.module.key_management.ibm_kms_key_policies.key_policy["rag-ce-vpc-key"]: Refreshing state... [id=crn:v1:bluemix:public:kms:us-south:a/85fbf4a5a3d148b1b75b59c610ecc811:aad40348-9d4c-4e94-9094-9b721b62bd6d:key:47c959a4-88da-4f03-95fc-ee979235250f][0m
[0m[1mmodule.landing_zone.module.key_management.ibm_kms_key_policies.key_policy["rag-ce-ocp-key"]: Refreshing state... [id=crn:v1:bluemix:public:kms:us-south:a/85fbf4a5a3d148b1b75b59c610ecc811:aad40348-9d4c-4e94-9094-9b721b62bd6d:key:bcadc283-de0d-41d3-ae6d-8cae171b6978][0m
[0m[1mmodule.landing_zone.ibm_cos_bucket.buckets["vpc-flow-bucket"]: Refreshing state... [id=crn:v1:bluemix:public:cloud-object-storage:global:a/85fbf4a5a3d148b1b75b59c610ecc811:5a66e8d7-c53d-4c07-81c0-af8a4d2818f6:bucket:rag-ce-vpc-flow-bucket:meta:rl:us-south:public][0m
[0m[1mmodule.landing_zone.ibm_resource_tag.bucket_tag["vpc-flow-bucket"]: Refreshing state... [id=crn:v1:bluemix:public:cloud-object-storage:global:a/85fbf4a5a3d148b1b75b59c610ecc811:5a66e8d7-c53d-4c07-81c0-af8a4d2818f6:bucket:rag-ce-vpc-flow-bucket][0m
[0m[1mmodule.landing_zone.module.vpc["workload"].ibm_is_flow_log.flow_logs[0]: Refreshing state... [id=r006-b3357779-863f-4f4d-87ef-67087b6794bf][0m
[0m[1mmodule.landing_zone.module.vpc["workload"].ibm_is_vpc_address_prefix.subnet_prefix["rag-ce-workload-vsi-zone-3"]: Refreshing state... [id=r006-311b13a9-c2ad-4e37-a6fc-69ef9d25e238/r006-1e29639a-29e1-421b-8614-9ea57b85aaec][0m
[0m[1mmodule.landing_zone.module.vpc["workload"].ibm_is_vpc_address_prefix.subnet_prefix["rag-ce-workload-vsi-zone-1"]: Refreshing state... [id=r006-311b13a9-c2ad-4e37-a6fc-69ef9d25e238/r006-07205db8-1890-44c0-9bf8-33ba0d99deb7][0m
[0m[1mmodule.landing_zone.module.vpc["workload"].ibm_is_vpc_address_prefix.subnet_prefix["rag-ce-workload-vsi-zone-2"]: Refreshing state... [id=r006-311b13a9-c2ad-4e37-a6fc-69ef9d25e238/r006-a18a2255-958d-46eb-aac6-f58d2204045a][0m
[0m[1mmodule.landing_zone.module.vpc["workload"].data.ibm_is_vpc_address_prefixes.get_address_prefixes: Reading...[0m[0m
[0m[1mmodule.landing_zone.module.vpc["workload"].data.ibm_is_vpc_address_prefixes.get_address_prefixes: Read complete after 0s [id=2024-07-09 19:13:46.426122 +0000 UTC][0m
[0m[1mmodule.landing_zone.module.vpc["workload"].ibm_is_network_acl.network_acl["workload-acl"]: Refreshing state... [id=r006-9bdd1ac4-b700-47a2-93ab-6aea4de2e9e8][0m
[0m[1mmodule.landing_zone.module.vpc["workload"].ibm_is_subnet.subnet["rag-ce-workload-vsi-zone-3"]: Refreshing state... [id=0737-001ad833-c3ae-4e5d-9fcf-bdbb3248aa8b][0m
[0m[1mmodule.landing_zone.module.vpc["workload"].ibm_is_subnet.subnet["rag-ce-workload-vsi-zone-2"]: Refreshing state... [id=0727-3f7ccce4-5cab-463e-a5f1-befcfe3547df][0m
[0m[1mmodule.landing_zone.module.vpc["workload"].ibm_is_subnet.subnet["rag-ce-workload-vsi-zone-1"]: Refreshing state... [id=0717-26a8be3d-98db-4af5-95bf-59e453c9a9df][0m
[0m[1mmodule.landing_zone.module.vpc["workload"].time_sleep.wait_for_vpc_creation_data[0]: Refreshing state... [id=2024-07-09T15:10:27Z][0m
[0m[1mmodule.landing_zone.module.vpc["workload"].data.ibm_is_vpc.vpc: Reading...[0m[0m
[0m[1mmodule.landing_zone.module.vpc["workload"].data.ibm_is_vpc.vpc: Read complete after 3s [id=r006-311b13a9-c2ad-4e37-a6fc-69ef9d25e238][0m
[0m[1mmodule.landing_zone.time_sleep.wait_30_seconds: Refreshing state... [id=2024-07-09T15:22:38Z][0m
[0m[1mmodule.landing_zone.ibm_container_vpc_cluster.cluster["rag-ce-workload-cluster"]: Refreshing state... [id=cq6m09nd0qfsgtdrjkv0][0m
[0m[1mmodule.landing_zone.ibm_resource_tag.cluster_tag["rag-ce-workload-cluster"]: Refreshing state... [id=crn:v1:bluemix:public:containers-kubernetes:us-south:a/85fbf4a5a3d148b1b75b59c610ecc811:cq6m09nd0qfsgtdrjkv0::][0m
[0m[1mmodule.landing_zone.time_sleep.wait_for_vpc_creation_data: Refreshing state... [id=2024-07-09T17:36:55Z][0m
[0m[1mmodule.landing_zone.data.ibm_container_addons.existing_addons["rag-ce-workload-cluster"]: Reading...[0m[0m
[0m[1mmodule.landing_zone.data.ibm_is_vpc.vpc["workload"]: Reading...[0m[0m
[0m[1mmodule.landing_zone.data.ibm_container_addons.existing_addons["rag-ce-workload-cluster"]: Read complete after 1s [id=cq6m09nd0qfsgtdrjkv0][0m
[0m[1mmodule.landing_zone.data.ibm_is_vpc.vpc["workload"]: Read complete after 3s [id=r006-311b13a9-c2ad-4e37-a6fc-69ef9d25e238][0m

Terraform used the selected providers to generate the following execution
plan. Resource actions are indicated with the following symbols:
  [32m+[0m create[0m

Terraform will perform the following actions:

[1m  # module.landing_zone.ibm_container_addons.addons["rag-ce-workload-cluster"][0m will be created
[0m  [32m+[0m[0m resource "ibm_container_addons" "addons" {
      [32m+[0m[0m cluster           = "cq6m09nd0qfsgtdrjkv0"
      [32m+[0m[0m id                = (known after apply)
      [32m+[0m[0m manage_all_addons = false
      [32m+[0m[0m managed_addons    = (known after apply)
      [32m+[0m[0m resource_group_id = "921f5ac23f87463093336ce360985383"

      [32m+[0m[0m addons {
          [32m+[0m[0m allowed_upgrade_versions = (known after apply)
          [32m+[0m[0m deprecated               = (known after apply)
          [32m+[0m[0m health_state             = (known after apply)
          [32m+[0m[0m health_status            = (known after apply)
          [32m+[0m[0m min_kube_version         = (known after apply)
          [32m+[0m[0m min_ocp_version          = (known after apply)
          [32m+[0m[0m name                     = "vpc-block-csi-driver"
          [32m+[0m[0m options                  = (known after apply)
          [32m+[0m[0m supported_kube_range     = (known after apply)
          [32m+[0m[0m target_version           = (known after apply)
          [32m+[0m[0m version                  = (known after apply)
          [32m+[0m[0m vlan_spanning_required   = (known after apply)
        }

      [32m+[0m[0m timeouts {
          [32m+[0m[0m create = "1h"
        }
    }

[1mPlan:[0m 1 to add, 0 to change, 0 to destroy.
[0m[90m
─────────────────────────────────────────────────────────────────────────────[0m

Note: You didn't use the -out option to save this plan, so Terraform can't
guarantee to take exactly these actions if you run "terraform apply" now.
